
Microsoft Visual Studio Solution File, Format Version 12.00
# Visual Studio Version 17
VisualStudioVersion = 17.5.33530.505
MinimumVisualStudioVersion = 10.0.40219.1
Project("{FAE04EC0-301F-11D3-BF4B-00C04F79EFBC}") = "FallenTreeRemains", "FallenTreeRemains.csproj", "{1834D9AA-EE66-4974-B867-D5101BD88ECF}"
EndProject
Global
	GlobalSection(SolutionConfigurationPlatforms) = preSolution
		Debug|Any CPU = Debug|Any CPU
		Release|Any CPU = Release|Any CPU
	EndGlobalSection
	GlobalSection(ProjectConfigurationPlatforms) = postSolution
		{1834D9AA-EE66-4974-B867-D5101BD88ECF}.Debug|Any CPU.ActiveCfg = Debug|Any CPU
		{1834D9AA-EE66-4974-B867-D5101BD88ECF}.Debug|Any CPU.Build.0 = Debug|Any CPU
		{1834D9AA-EE66-4974-B867-D5101BD88ECF}.Release|Any CPU.ActiveCfg = Release|Any CPU
		{1834D9AA-EE66-4974-B867-D5101BD88ECF}.Release|Any CPU.Build.0 = Release|Any CPU
	EndGlobalSection
	GlobalSection(SolutionProperties) = preSolution
		HideSolutionNode = FALSE
	EndGlobalSection
	GlobalSection(ExtensibilityGlobals) = postSolution
		SolutionGuid = {A06808B2-CBD6-4DF7-8425-B0283935BCBA}
	EndGlobalSection
EndGlobal
